// !$*UTF8*$!
{
	archiveVersion = 1;
	classes = {
	};
	objectVersion = 56;
	objects = {

/* Begin PBXBuildFile section */
		D024F08A2AC856D6009F2FCC /* Header.swift in Sources */ = {isa = PBXBuildFile; fileRef = D024F0892AC856D6009F2FCC /* Header.swift */; };
		D024F08C2AC85A01009F2FCC /* ImagePicker.swift in Sources */ = {isa = PBXBuildFile; fileRef = D024F08B2AC85A01009F2FCC /* ImagePicker.swift */; };
		D03BE6132ABB77BF00167F4E /* ReminderEditView.swift in Sources */ = {isa = PBXBuildFile; fileRef = D03BE6122ABB77BF00167F4E /* ReminderEditView.swift */; };
		D03F8AB32AB60EF70016CDAA /* iPetReminderApp.swift in Sources */ = {isa = PBXBuildFile; fileRef = D03F8AB22AB60EF70016CDAA /* iPetReminderApp.swift */; };
		D03F8AB52AB60EF70016CDAA /* ContentView.swift in Sources */ = {isa = PBXBuildFile; fileRef = D03F8AB42AB60EF70016CDAA /* ContentView.swift */; };
		D03F8AB72AB60EF80016CDAA /* Assets.xcassets in Resources */ = {isa = PBXBuildFile; fileRef = D03F8AB62AB60EF80016CDAA /* Assets.xcassets */; };
		D03F8ABA2AB60EF80016CDAA /* Preview Assets.xcassets in Resources */ = {isa = PBXBuildFile; fileRef = D03F8AB92AB60EF80016CDAA /* Preview Assets.xcassets */; };
		D03F8AC12AB60F9F0016CDAA /* ProfileEditView.swift in Sources */ = {isa = PBXBuildFile; fileRef = D03F8AC02AB60F9F0016CDAA /* ProfileEditView.swift */; };
		D03F8AC52AB610C50016CDAA /* ProfileCompletedView.swift in Sources */ = {isa = PBXBuildFile; fileRef = D03F8AC42AB610C50016CDAA /* ProfileCompletedView.swift */; };
		D03F8AC82AB616E20016CDAA /* ReminderView.swift in Sources */ = {isa = PBXBuildFile; fileRef = D03F8AC72AB616E20016CDAA /* ReminderView.swift */; };
		D0DE804B2AC223E000F41056 /* ReminderSectionView.swift in Sources */ = {isa = PBXBuildFile; fileRef = D0DE804A2AC223E000F41056 /* ReminderSectionView.swift */; };
		D0DE804D2AC225E400F41056 /* ReminderObject.swift in Sources */ = {isa = PBXBuildFile; fileRef = D0DE804C2AC225E400F41056 /* ReminderObject.swift */; };
		D0DE804F2AC2270E00F41056 /* Notification.swift in Sources */ = {isa = PBXBuildFile; fileRef = D0DE804E2AC2270E00F41056 /* Notification.swift */; };
		D0DE80532AC22C1200F41056 /* UserDefaults+Extension.swift in Sources */ = {isa = PBXBuildFile; fileRef = D0DE80522AC22C1200F41056 /* UserDefaults+Extension.swift */; };
/* End PBXBuildFile section */

/* Begin PBXFileReference section */
		D024F0892AC856D6009F2FCC /* Header.swift */ = {isa = PBXFileReference; lastKnownFileType = sourcecode.swift; path = Header.swift; sourceTree = "<group>"; };
		D024F08B2AC85A01009F2FCC /* ImagePicker.swift */ = {isa = PBXFileReference; lastKnownFileType = sourcecode.swift; path = ImagePicker.swift; sourceTree = "<group>"; };
		D03BE6122ABB77BF00167F4E /* ReminderEditView.swift */ = {isa = PBXFileReference; lastKnownFileType = sourcecode.swift; path = ReminderEditView.swift; sourceTree = "<group>"; };
		D03F8AAF2AB60EF70016CDAA /* iPetReminder.app */ = {isa = PBXFileReference; explicitFileType = wrapper.application; includeInIndex = 0; path = iPetReminder.app; sourceTree = BUILT_PRODUCTS_DIR; };
		D03F8AB22AB60EF70016CDAA /* iPetReminderApp.swift */ = {isa = PBXFileReference; lastKnownFileType = sourcecode.swift; path = iPetReminderApp.swift; sourceTree = "<group>"; };
		D03F8AB42AB60EF70016CDAA /* ContentView.swift */ = {isa = PBXFileReference; lastKnownFileType = sourcecode.swift; path = ContentView.swift; sourceTree = "<group>"; };
		D03F8AB62AB60EF80016CDAA /* Assets.xcassets */ = {isa = PBXFileReference; lastKnownFileType = folder.assetcatalog; path = Assets.xcassets; sourceTree = "<group>"; };
		D03F8AB92AB60EF80016CDAA /* Preview Assets.xcassets */ = {isa = PBXFileReference; lastKnownFileType = folder.assetcatalog; path = "Preview Assets.xcassets"; sourceTree = "<group>"; };
		D03F8AC02AB60F9F0016CDAA /* ProfileEditView.swift */ = {isa = PBXFileReference; lastKnownFileType = sourcecode.swift; path = ProfileEditView.swift; sourceTree = "<group>"; };
		D03F8AC42AB610C50016CDAA /* ProfileCompletedView.swift */ = {isa = PBXFileReference; lastKnownFileType = sourcecode.swift; path = ProfileCompletedView.swift; sourceTree = "<group>"; };
		D03F8AC72AB616E20016CDAA /* ReminderView.swift */ = {isa = PBXFileReference; lastKnownFileType = sourcecode.swift; path = ReminderView.swift; sourceTree = "<group>"; };
		D0DE804A2AC223E000F41056 /* ReminderSectionView.swift */ = {isa = PBXFileReference; lastKnownFileType = sourcecode.swift; path = ReminderSectionView.swift; sourceTree = "<group>"; };
		D0DE804C2AC225E400F41056 /* ReminderObject.swift */ = {isa = PBXFileReference; lastKnownFileType = sourcecode.swift; path = ReminderObject.swift; sourceTree = "<group>"; };
		D0DE804E2AC2270E00F41056 /* Notification.swift */ = {isa = PBXFileReference; lastKnownFileType = sourcecode.swift; path = Notification.swift; sourceTree = "<group>"; };
		D0DE80522AC22C1200F41056 /* UserDefaults+Extension.swift */ = {isa = PBXFileReference; lastKnownFileType = sourcecode.swift; path = "UserDefaults+Extension.swift"; sourceTree = "<group>"; };
/* End PBXFileReference section */

/* Begin PBXFrameworksBuildPhase section */
		D03F8AAC2AB60EF70016CDAA /* Frameworks */ = {
			isa = PBXFrameworksBuildPhase;
			buildActionMask = 2147483647;
			files = (
			);
			runOnlyForDeploymentPostprocessing = 0;
		};
/* End PBXFrameworksBuildPhase section */

/* Begin PBXGroup section */
		D03F8AA62AB60EF70016CDAA = {
			isa = PBXGroup;
			children = (
				D03F8AB12AB60EF70016CDAA /* iPetReminder */,
				D03F8AB02AB60EF70016CDAA /* Products */,
			);
			sourceTree = "<group>";
		};
		D03F8AB02AB60EF70016CDAA /* Products */ = {
			isa = PBXGroup;
			children = (
				D03F8AAF2AB60EF70016CDAA /* iPetReminder.app */,
			);
			name = Products;
			sourceTree = "<group>";
		};
		D03F8AB12AB60EF70016CDAA /* iPetReminder */ = {
			isa = PBXGroup;
			children = (
				D08830162AC9ABB900220F46 /* Utilities */,
				D0DE80512AC22A2100F41056 /* Reminders */,
				D0DE80502AC229F300F41056 /* Profile */,
				D03F8AB22AB60EF70016CDAA /* iPetReminderApp.swift */,
				D03F8AB42AB60EF70016CDAA /* ContentView.swift */,
				D03F8AB62AB60EF80016CDAA /* Assets.xcassets */,
				D03F8AB82AB60EF80016CDAA /* Preview Content */,
			);
			path = iPetReminder;
			sourceTree = "<group>";
		};
		D03F8AB82AB60EF80016CDAA /* Preview Content */ = {
			isa = PBXGroup;
			children = (
				D03F8AB92AB60EF80016CDAA /* Preview Assets.xcassets */,
			);
			path = "Preview Content";
			sourceTree = "<group>";
		};
		D08830162AC9ABB900220F46 /* Utilities */ = {
			isa = PBXGroup;
			children = (
				D024F08B2AC85A01009F2FCC /* ImagePicker.swift */,
			);
			path = Utilities;
			sourceTree = "<group>";
		};
		D0DE80502AC229F300F41056 /* Profile */ = {
			isa = PBXGroup;
			children = (
				D03F8AC02AB60F9F0016CDAA /* ProfileEditView.swift */,
				D024F0892AC856D6009F2FCC /* Header.swift */,
				D03F8AC42AB610C50016CDAA /* ProfileCompletedView.swift */,
			);
			path = Profile;
			sourceTree = "<group>";
		};
		D0DE80512AC22A2100F41056 /* Reminders */ = {
			isa = PBXGroup;
			children = (
				D03F8AC72AB616E20016CDAA /* ReminderView.swift */,
				D0DE804A2AC223E000F41056 /* ReminderSectionView.swift */,
				D0DE804E2AC2270E00F41056 /* Notification.swift */,
				D0DE804C2AC225E400F41056 /* ReminderObject.swift */,
				D03BE6122ABB77BF00167F4E /* ReminderEditView.swift */,
				D0DE80522AC22C1200F41056 /* UserDefaults+Extension.swift */,
			);
			path = Reminders;
			sourceTree = "<group>";
		};
/* End PBXGroup section */

/* Begin PBXNativeTarget section */
		D03F8AAE2AB60EF70016CDAA /* iPetReminder */ = {
			isa = PBXNativeTarget;
			buildConfigurationList = D03F8ABD2AB60EF80016CDAA /* Build configuration list for PBXNativeTarget "iPetReminder" */;
			buildPhases = (
				D03F8AAB2AB60EF70016CDAA /* Sources */,
				D03F8AAC2AB60EF70016CDAA /* Frameworks */,
				D03F8AAD2AB60EF70016CDAA /* Resources */,
			);
			buildRules = (
			);
			dependencies = (
			);
			name = iPetReminder;
			productName = iPetReminder;
			productReference = D03F8AAF2AB60EF70016CDAA /* iPetReminder.app */;
			productType = "com.apple.product-type.application";
		};
/* End PBXNativeTarget section */

/* Begin PBXProject section */
		D03F8AA72AB60EF70016CDAA /* Project object */ = {
			isa = PBXProject;
			attributes = {
				BuildIndependentTargetsInParallel = 1;
				LastSwiftUpdateCheck = 1420;
				LastUpgradeCheck = 1420;
				TargetAttributes = {
					D03F8AAE2AB60EF70016CDAA = {
						CreatedOnToolsVersion = 14.2;
					};
				};
			};
			buildConfigurationList = D03F8AAA2AB60EF70016CDAA /* Build configuration list for PBXProject "iPetReminder" */;
			compatibilityVersion = "Xcode 14.0";
			developmentRegion = en;
			hasScannedForEncodings = 0;
			knownRegions = (
				en,
				Base,
			);
			mainGroup = D03F8AA62AB60EF70016CDAA;
			productRefGroup = D03F8AB02AB60EF70016CDAA /* Products */;
			projectDirPath = "";
			projectRoot = "";
			targets = (
				D03F8AAE2AB60EF70016CDAA /* iPetReminder */,
			);
		};
/* End PBXProject section */

/* Begin PBXResourcesBuildPhase section */
		D03F8AAD2AB60EF70016CDAA /* Resources */ = {
			isa = PBXResourcesBuildPhase;
			buildActionMask = 2147483647;
			files = (
				D03F8ABA2AB60EF80016CDAA /* Preview Assets.xcassets in Resources */,
				D03F8AB72AB60EF80016CDAA /* Assets.xcassets in Resources */,
			);
			runOnlyForDeploymentPostprocessing = 0;
		};
/* End PBXResourcesBuildPhase section */

/* Begin PBXSourcesBuildPhase section */
		D03F8AAB2AB60EF70016CDAA /* Sources */ = {
			isa = PBXSourcesBuildPhase;
			buildActionMask = 2147483647;
			files = (
				D03F8AB52AB60EF70016CDAA /* ContentView.swift in Sources */,
				D03F8AC82AB616E20016CDAA /* ReminderView.swift in Sources */,
				D0DE804F2AC2270E00F41056 /* Notification.swift in Sources */,
				D03BE6132ABB77BF00167F4E /* ReminderEditView.swift in Sources */,
				D0DE804B2AC223E000F41056 /* ReminderSectionView.swift in Sources */,
				D024F08A2AC856D6009F2FCC /* Header.swift in Sources */,
				D0DE804D2AC225E400F41056 /* ReminderObject.swift in Sources */,
				D03F8AB32AB60EF70016CDAA /* iPetReminderApp.swift in Sources */,
				D03F8AC52AB610C50016CDAA /* ProfileCompletedView.swift in Sources */,
				D024F08C2AC85A01009F2FCC /* ImagePicker.swift in Sources */,
				D0DE80532AC22C1200F41056 /* UserDefaults+Extension.swift in Sources */,
				D03F8AC12AB60F9F0016CDAA /* ProfileEditView.swift in Sources */,
			);
			runOnlyForDeploymentPostprocessing = 0;
		};
/* End PBXSourcesBuildPhase section */

/* Begin XCBuildConfiguration section */
		D03F8ABB2AB60EF80016CDAA /* Debug */ = {
			isa = XCBuildConfiguration;
			buildSettings = {
				ALWAYS_SEARCH_USER_PATHS = NO;
				CLANG_ANALYZER_NONNULL = YES;
				CLANG_ANALYZER_NUMBER_OBJECT_CONVERSION = YES_AGGRESSIVE;
				CLANG_CXX_LANGUAGE_STANDARD = "gnu++20";
				CLANG_ENABLE_MODULES = YES;
				CLANG_ENABLE_OBJC_ARC = YES;
				CLANG_ENABLE_OBJC_WEAK = YES;
				CLANG_WARN_BLOCK_CAPTURE_AUTORELEASING = YES;
				CLANG_WARN_BOOL_CONVERSION = YES;
				CLANG_WARN_COMMA = YES;
				CLANG_WARN_CONSTANT_CONVERSION = YES;
				CLANG_WARN_DEPRECATED_OBJC_IMPLEMENTATIONS = YES;
				CLANG_WARN_DIRECT_OBJC_ISA_USAGE = YES_ERROR;
				CLANG_WARN_DOCUMENTATION_COMMENTS = YES;
				CLANG_WARN_EMPTY_BODY = YES;
				CLANG_WARN_ENUM_CONVERSION = YES;
				CLANG_WARN_INFINITE_RECURSION = YES;
				CLANG_WARN_INT_CONVERSION = YES;
				CLANG_WARN_NON_LITERAL_NULL_CONVERSION = YES;
				CLANG_WARN_OBJC_IMPLICIT_RETAIN_SELF = YES;
				CLANG_WARN_OBJC_LITERAL_CONVERSION = YES;
				CLANG_WARN_OBJC_ROOT_CLASS = YES_ERROR;
				CLANG_WARN_QUOTED_INCLUDE_IN_FRAMEWORK_HEADER = YES;
				CLANG_WARN_RANGE_LOOP_ANALYSIS = YES;
				CLANG_WARN_STRICT_PROTOTYPES = YES;
				CLANG_WARN_SUSPICIOUS_MOVE = YES;
				CLANG_WARN_UNGUARDED_AVAILABILITY = YES_AGGRESSIVE;
				CLANG_WARN_UNREACHABLE_CODE = YES;
				CLANG_WARN__DUPLICATE_METHOD_MATCH = YES;
				COPY_PHASE_STRIP = NO;
				DEBUG_INFORMATION_FORMAT = dwarf;
				ENABLE_STRICT_OBJC_MSGSEND = YES;
				ENABLE_TESTABILITY = YES;
				GCC_C_LANGUAGE_STANDARD = gnu11;
				GCC_DYNAMIC_NO_PIC = NO;
				GCC_NO_COMMON_BLOCKS = YES;
				GCC_OPTIMIZATION_LEVEL = 0;
				GCC_PREPROCESSOR_DEFINITIONS = (
					"DEBUG=1",
					"$(inherited)",
				);
				GCC_WARN_64_TO_32_BIT_CONVERSION = YES;
				GCC_WARN_ABOUT_RETURN_TYPE = YES_ERROR;
				GCC_WARN_UNDECLARED_SELECTOR = YES;
				GCC_WARN_UNINITIALIZED_AUTOS = YES_AGGRESSIVE;
				GCC_WARN_UNUSED_FUNCTION = YES;
				GCC_WARN_UNUSED_VARIABLE = YES;
				INFOPLIST_KEY_NSCameraUsageDescription = Yes;
				INFOPLIST_KEY_NSPhotoLibraryUsageDescription = "";
				IPHONEOS_DEPLOYMENT_TARGET = 16.2;
				MTL_ENABLE_DEBUG_INFO = INCLUDE_SOURCE;
				MTL_FAST_MATH = YES;
				ONLY_ACTIVE_ARCH = YES;
				SDKROOT = iphoneos;
				SWIFT_ACTIVE_COMPILATION_CONDITIONS = DEBUG;
				SWIFT_OPTIMIZATION_LEVEL = "-Onone";
			};
			name = Debug;
		};
		D03F8ABC2AB60EF80016CDAA /* Release */ = {
			isa = XCBuildConfiguration;
			buildSettings = {
				ALWAYS_SEARCH_USER_PATHS = NO;
				CLANG_ANALYZER_NONNULL = YES;
				CLANG_ANALYZER_NUMBER_OBJECT_CONVERSION = YES_AGGRESSIVE;
				CLANG_CXX_LANGUAGE_STANDARD = "gnu++20";
				CLANG_ENABLE_MODULES = YES;
				CLANG_ENABLE_OBJC_ARC = YES;
				CLANG_ENABLE_OBJC_WEAK = YES;
				CLANG_WARN_BLOCK_CAPTURE_AUTORELEASING = YES;
				CLANG_WARN_BOOL_CONVERSION = YES;
				CLANG_WARN_COMMA = YES;
				CLANG_WARN_CONSTANT_CONVERSION = YES;
				CLANG_WARN_DEPRECATED_OBJC_IMPLEMENTATIONS = YES;
				CLANG_WARN_DIRECT_OBJC_ISA_USAGE = YES_ERROR;
				CLANG_WARN_DOCUMENTATION_COMMENTS = YES;
				CLANG_WARN_EMPTY_BODY = YES;
				CLANG_WARN_ENUM_CONVERSION = YES;
				CLANG_WARN_INFINITE_RECURSION = YES;
				CLANG_WARN_INT_CONVERSION = YES;
				CLANG_WARN_NON_LITERAL_NULL_CONVERSION = YES;
				CLANG_WARN_OBJC_IMPLICIT_RETAIN_SELF = YES;
				CLANG_WARN_OBJC_LITERAL_CONVERSION = YES;
				CLANG_WARN_OBJC_ROOT_CLASS = YES_ERROR;
				CLANG_WARN_QUOTED_INCLUDE_IN_FRAMEWORK_HEADER = YES;
				CLANG_WARN_RANGE_LOOP_ANALYSIS = YES;
				CLANG_WARN_STRICT_PROTOTYPES = YES;
				CLANG_WARN_SUSPICIOUS_MOVE = YES;
				CLANG_WARN_UNGUARDED_AVAILABILITY = YES_AGGRESSIVE;
				CLANG_WARN_UNREACHABLE_CODE = YES;
				CLANG_WARN__DUPLICATE_METHOD_MATCH = YES;
				COPY_PHASE_STRIP = NO;
				DEBUG_INFORMATION_FORMAT = "dwarf-with-dsym";
				ENABLE_NS_ASSERTIONS = NO;
				ENABLE_STRICT_OBJC_MSGSEND = YES;
				GCC_C_LANGUAGE_STANDARD = gnu11;
				GCC_NO_COMMON_BLOCKS = YES;
				GCC_WARN_64_TO_32_BIT_CONVERSION = YES;
				GCC_WARN_ABOUT_RETURN_TYPE = YES_ERROR;
				GCC_WARN_UNDECLARED_SELECTOR = YES;
				GCC_WARN_UNINITIALIZED_AUTOS = YES_AGGRESSIVE;
				GCC_WARN_UNUSED_FUNCTION = YES;
				GCC_WARN_UNUSED_VARIABLE = YES;
				INFOPLIST_KEY_NSCameraUsageDescription = Yes;
				INFOPLIST_KEY_NSPhotoLibraryUsageDescription = "";
				IPHONEOS_DEPLOYMENT_TARGET = 16.2;
				MTL_ENABLE_DEBUG_INFO = NO;
				MTL_FAST_MATH = YES;
				SDKROOT = iphoneos;
				SWIFT_COMPILATION_MODE = wholemodule;
				SWIFT_OPTIMIZATION_LEVEL = "-O";
				VALIDATE_PRODUCT = YES;
			};
			name = Release;
		};
		D03F8ABE2AB60EF80016CDAA /* Debug */ = {
			isa = XCBuildConfiguration;
			buildSettings = {
				ASSETCATALOG_COMPILER_APPICON_NAME = AppIcon;
				ASSETCATALOG_COMPILER_GLOBAL_ACCENT_COLOR_NAME = AccentColor;
				CODE_SIGN_STYLE = Automatic;
				CURRENT_PROJECT_VERSION = 2;
				DEVELOPMENT_ASSET_PATHS = "\"iPetReminder/Preview Content\"";
				DEVELOPMENT_TEAM = DS8PT626S9;
				ENABLE_PREVIEWS = YES;
				GENERATE_INFOPLIST_FILE = YES;
				INFOPLIST_FILE = iPetReminder/Info.plist;
				INFOPLIST_KEY_CFBundleDisplayName = iPetReminder;
				INFOPLIST_KEY_LSApplicationCategoryType = "public.app-category.utilities";
				INFOPLIST_KEY_NSCameraUsageDescription = "";
				INFOPLIST_KEY_UIApplicationSceneManifest_Generation = YES;
				INFOPLIST_KEY_UIApplicationSupportsIndirectInputEvents = YES;
				INFOPLIST_KEY_UILaunchScreen_Generation = YES;
				INFOPLIST_KEY_UISupportedInterfaceOrientations_iPad = "UIInterfaceOrientationPortrait UIInterfaceOrientationPortraitUpsideDown UIInterfaceOrientationLandscapeLeft UIInterfaceOrientationLandscapeRight";
				INFOPLIST_KEY_UISupportedInterfaceOrientations_iPhone = "UIInterfaceOrientationPortrait UIInterfaceOrientationLandscapeLeft UIInterfaceOrientationLandscapeRight";
				IPHONEOS_DEPLOYMENT_TARGET = 14.0;
				LD_RUNPATH_SEARCH_PATHS = (
					"$(inherited)",
					"@executable_path/Frameworks",
				);
				MARKETING_VERSION = 1.0;
				PRODUCT_BUNDLE_IDENTIFIER = com.alexsanteeno.iPetReminder;
				PRODUCT_NAME = "$(TARGET_NAME)";
				SWIFT_EMIT_LOC_STRINGS = YES;
				SWIFT_VERSION = 5.0;
				TARGETED_DEVICE_FAMILY = "1,2";
			};
			name = Debug;
		};
		D03F8ABF2AB60EF80016CDAA /* Release */ = {
			isa = XCBuildConfiguration;
			buildSettings = {
				ASSETCATALOG_COMPILER_APPICON_NAME = AppIcon;
				ASSETCATALOG_COMPILER_GLOBAL_ACCENT_COLOR_NAME = AccentColor;
				CODE_SIGN_STYLE = Automatic;
				CURRENT_PROJECT_VERSION = 2;
				DEVELOPMENT_ASSET_PATHS = "\"iPetReminder/Preview Content\"";
				DEVELOPMENT_TEAM = DS8PT626S9;
				ENABLE_PREVIEWS = YES;
				GENERATE_INFOPLIST_FILE = YES;
				INFOPLIST_FILE = iPetReminder/Info.plist;
				INFOPLIST_KEY_CFBundleDisplayName = iPetReminder;
				INFOPLIST_KEY_LSApplicationCategoryType = "public.app-category.utilities";
				INFOPLIST_KEY_NSCameraUsageDescription = "";
				INFOPLIST_KEY_UIApplicationSceneManifest_Generation = YES;
				INFOPLIST_KEY_UIApplicationSupportsIndirectInputEvents = YES;
				INFOPLIST_KEY_UILaunchScreen_Generation = YES;
				INFOPLIST_KEY_UISupportedInterfaceOrientations_iPad = "UIInterfaceOrientationPortrait UIInterfaceOrientationPortraitUpsideDown UIInterfaceOrientationLandscapeLeft UIInterfaceOrientationLandscapeRight";
				INFOPLIST_KEY_UISupportedInterfaceOrientations_iPhone = "UIInterfaceOrientationPortrait UIInterfaceOrientationLandscapeLeft UIInterfaceOrientationLandscapeRight";
				IPHONEOS_DEPLOYMENT_TARGET = 14.0;
				LD_RUNPATH_SEARCH_PATHS = (
					"$(inherited)",
					"@executable_path/Frameworks",
				);
				MARKETING_VERSION = 1.0;
				PRODUCT_BUNDLE_IDENTIFIER = com.alexsanteeno.iPetReminder;
				PRODUCT_NAME = "$(TARGET_NAME)";
				SWIFT_EMIT_LOC_STRINGS = YES;
				SWIFT_VERSION = 5.0;
				TARGETED_DEVICE_FAMILY = "1,2";
			};
			name = Release;
		};
/* End XCBuildConfiguration section */

/* Begin XCConfigurationList section */
		D03F8AAA2AB60EF70016CDAA /* Build configuration list for PBXProject "iPetReminder" */ = {
			isa = XCConfigurationList;
			buildConfigurations = (
				D03F8ABB2AB60EF80016CDAA /* Debug */,
				D03F8ABC2AB60EF80016CDAA /* Release */,
			);
			defaultConfigurationIsVisible = 0;
			defaultConfigurationName = Release;
		};
		D03F8ABD2AB60EF80016CDAA /* Build configuration list for PBXNativeTarget "iPetReminder" */ = {
			isa = XCConfigurationList;
			buildConfigurations = (
				D03F8ABE2AB60EF80016CDAA /* Debug */,
				D03F8ABF2AB60EF80016CDAA /* Release */,
			);
			defaultConfigurationIsVisible = 0;
			defaultConfigurationName = Release;
		};
/* End XCConfigurationList section */
	};
	rootObject = D03F8AA72AB60EF70016CDAA /* Project object */;
}
